
Microsoft Visual Studio Solution File, Format Version 12.00
# Visual Studio Version 17
VisualStudioVersion = 17.5.33627.172
MinimumVisualStudioVersion = 10.0.40219.1
Project("{888888A0-9F3D-457C-B088-3A5042F75D52}") = "Comprehension", "PythonApplication\Comprehension.pyproj", "{0A9F2B02-B602-4F26-BF8E-CD20EDDA35F3}"
EndProject
Project("{888888A0-9F3D-457C-B088-3A5042F75D52}") = "Descriptors", "Descriptors\Descriptors.pyproj", "{15FF26A9-14CC-44FA-99A2-73459529F4BF}"
EndProject
Project("{888888A0-9F3D-457C-B088-3A5042F75D52}") = "AbcPython", "AbcPython\AbcPython.pyproj", "{DA20304C-48EE-4270-913F-75E50543A34F}"
EndProject
Project("{888888A0-9F3D-457C-B088-3A5042F75D52}") = "BcdPython", "BcdPython\BcdPython.pyproj", "{53A9A108-E192-4D73-B6F7-91292404D449}"
EndProject
Project("{888888A0-9F3D-457C-B088-3A5042F75D52}") = "MyOpenCv", "MyOpenCv\MyOpenCv.pyproj", "{4A8B766C-C062-40B1-9765-2DFC0EA41BDE}"
EndProject
Project("{888888A0-9F3D-457C-B088-3A5042F75D52}") = "MyTurtle", "MyTurtle\MyTurtle.pyproj", "{5909FD27-F108-4C09-8914-EBB81000A84A}"
EndProject
Project("{888888A0-9F3D-457C-B088-3A5042F75D52}") = "MyComputerArt", "MyComputerArt\MyComputerArt.pyproj", "{B27CE47B-D1B4-4BCF-B89A-DD10972F0657}"
EndProject
Global
	GlobalSection(SolutionConfigurationPlatforms) = preSolution
		Debug|Any CPU = Debug|Any CPU
		Release|Any CPU = Release|Any CPU
	EndGlobalSection
	GlobalSection(ProjectConfigurationPlatforms) = postSolution
		{0A9F2B02-B602-4F26-BF8E-CD20EDDA35F3}.Debug|Any CPU.ActiveCfg = Debug|Any CPU
		{0A9F2B02-B602-4F26-BF8E-CD20EDDA35F3}.Release|Any CPU.ActiveCfg = Release|Any CPU
		{15FF26A9-14CC-44FA-99A2-73459529F4BF}.Debug|Any CPU.ActiveCfg = Debug|Any CPU
		{15FF26A9-14CC-44FA-99A2-73459529F4BF}.Release|Any CPU.ActiveCfg = Release|Any CPU
		{DA20304C-48EE-4270-913F-75E50543A34F}.Debug|Any CPU.ActiveCfg = Debug|Any CPU
		{DA20304C-48EE-4270-913F-75E50543A34F}.Release|Any CPU.ActiveCfg = Release|Any CPU
		{53A9A108-E192-4D73-B6F7-91292404D449}.Debug|Any CPU.ActiveCfg = Debug|Any CPU
		{53A9A108-E192-4D73-B6F7-91292404D449}.Release|Any CPU.ActiveCfg = Release|Any CPU
		{4A8B766C-C062-40B1-9765-2DFC0EA41BDE}.Debug|Any CPU.ActiveCfg = Debug|Any CPU
		{4A8B766C-C062-40B1-9765-2DFC0EA41BDE}.Release|Any CPU.ActiveCfg = Release|Any CPU
		{5909FD27-F108-4C09-8914-EBB81000A84A}.Debug|Any CPU.ActiveCfg = Debug|Any CPU
		{5909FD27-F108-4C09-8914-EBB81000A84A}.Release|Any CPU.ActiveCfg = Release|Any CPU
		{B27CE47B-D1B4-4BCF-B89A-DD10972F0657}.Debug|Any CPU.ActiveCfg = Debug|Any CPU
		{B27CE47B-D1B4-4BCF-B89A-DD10972F0657}.Release|Any CPU.ActiveCfg = Release|Any CPU
	EndGlobalSection
	GlobalSection(SolutionProperties) = preSolution
		HideSolutionNode = FALSE
	EndGlobalSection
	GlobalSection(ExtensibilityGlobals) = postSolution
		SolutionGuid = {4D0564B9-1641-438C-9252-36558AD6CDC7}
	EndGlobalSection
EndGlobal
